
Microsoft Visual Studio Solution File, Format Version 12.00
# Visual Studio Version 16
VisualStudioVersion = 16.0.34301.259
MinimumVisualStudioVersion = 10.0.40219.1
Project("{8BC9CEB8-8B4A-11D0-8D11-00A0C91BC942}") = "TestNitrogen.peaceful", "TestNitrogen.peaceful\TestNitrogen.peaceful.vcxproj", "{3C5D08E3-D3C1-4CCB-B33A-7A7FEB256BEA}"
EndProject
Global
	GlobalSection(SolutionConfigurationPlatforms) = preSolution
		Debug|x64 = Debug|x64
		Debug|x86 = Debug|x86
		Release|x64 = Release|x64
		Release|x86 = Release|x86
	EndGlobalSection
	GlobalSection(ProjectConfigurationPlatforms) = postSolution
		{3C5D08E3-D3C1-4CCB-B33A-7A7FEB256BEA}.Debug|x64.ActiveCfg = Debug|x64
		{3C5D08E3-D3C1-4CCB-B33A-7A7FEB256BEA}.Debug|x64.Build.0 = Debug|x64
		{3C5D08E3-D3C1-4CCB-B33A-7A7FEB256BEA}.Debug|x86.ActiveCfg = Debug|Win32
		{3C5D08E3-D3C1-4CCB-B33A-7A7FEB256BEA}.Debug|x86.Build.0 = Debug|Win32
		{3C5D08E3-D3C1-4CCB-B33A-7A7FEB256BEA}.Release|x64.ActiveCfg = Release|x64
		{3C5D08E3-D3C1-4CCB-B33A-7A7FEB256BEA}.Release|x64.Build.0 = Release|x64
		{3C5D08E3-D3C1-4CCB-B33A-7A7FEB256BEA}.Release|x86.ActiveCfg = Release|Win32
		{3C5D08E3-D3C1-4CCB-B33A-7A7FEB256BEA}.Release|x86.Build.0 = Release|Win32
	EndGlobalSection
	GlobalSection(SolutionProperties) = preSolution
		HideSolutionNode = FALSE
	EndGlobalSection
	GlobalSection(ExtensibilityGlobals) = postSolution
		SolutionGuid = {CB7C66A0-FB90-4BE3-B63A-C2542D0AB441}
	EndGlobalSection
EndGlobal
